{
  "requires": true,
  "lockfileVersion": 1,
  "dependencies": {
    "myshop": {
      "version": "1.2.7",
      "resolved": "https://registry.npmjs.org/myshop/-/myshop-1.2.7.tgz",
      "integrity": "sha512-9yT7Gkl1mTBJkU+3DVPyYwWEtuYmFofDATW6GL49NBtejjMuOSFndRQ6Mpn05vSihKaYiYgJhbOLr9bqM4Vf2Q=="
    }
  }
}
